
Microsoft Visual Studio Solution File, Format Version 12.00
# Visual Studio Version 17
VisualStudioVersion = 17.12.35707.178
MinimumVisualStudioVersion = 10.0.40219.1
Project("{FAE04EC0-301F-11D3-BF4B-00C04F79EFBC}") = "MovieMangamentSystem", "Movie Mangament System\MovieMangamentSystem.csproj", "{CE9A558E-399C-4D1E-A740-D538C7B65EB0}"
EndProject
Project("{FAE04EC0-301F-11D3-BF4B-00C04F79EFBC}") = "MovieManagement.DataAccess.", "MovieManagement.DataAccess\MovieManagement.DataAccess..csproj", "{DC3DBA29-CE97-40A1-B33E-5BE84BB58077}"
EndProject
Project("{FAE04EC0-301F-11D3-BF4B-00C04F79EFBC}") = "MovieManagement.BusinessLogic", "MovieManagement.BusinessLogic\MovieManagement.BusinessLogic.csproj", "{D4CECD38-0646-4365-AC2D-1A70AE183F03}"
EndProject
Global
	GlobalSection(SolutionConfigurationPlatforms) = preSolution
		Debug|Any CPU = Debug|Any CPU
		Release|Any CPU = Release|Any CPU
	EndGlobalSection
	GlobalSection(ProjectConfigurationPlatforms) = postSolution
		{CE9A558E-399C-4D1E-A740-D538C7B65EB0}.Debug|Any CPU.ActiveCfg = Debug|Any CPU
		{CE9A558E-399C-4D1E-A740-D538C7B65EB0}.Debug|Any CPU.Build.0 = Debug|Any CPU
		{CE9A558E-399C-4D1E-A740-D538C7B65EB0}.Release|Any CPU.ActiveCfg = Release|Any CPU
		{CE9A558E-399C-4D1E-A740-D538C7B65EB0}.Release|Any CPU.Build.0 = Release|Any CPU
		{DC3DBA29-CE97-40A1-B33E-5BE84BB58077}.Debug|Any CPU.ActiveCfg = Debug|Any CPU
		{DC3DBA29-CE97-40A1-B33E-5BE84BB58077}.Debug|Any CPU.Build.0 = Debug|Any CPU
		{DC3DBA29-CE97-40A1-B33E-5BE84BB58077}.Release|Any CPU.ActiveCfg = Release|Any CPU
		{DC3DBA29-CE97-40A1-B33E-5BE84BB58077}.Release|Any CPU.Build.0 = Release|Any CPU
		{D4CECD38-0646-4365-AC2D-1A70AE183F03}.Debug|Any CPU.ActiveCfg = Debug|Any CPU
		{D4CECD38-0646-4365-AC2D-1A70AE183F03}.Debug|Any CPU.Build.0 = Debug|Any CPU
		{D4CECD38-0646-4365-AC2D-1A70AE183F03}.Release|Any CPU.ActiveCfg = Release|Any CPU
		{D4CECD38-0646-4365-AC2D-1A70AE183F03}.Release|Any CPU.Build.0 = Release|Any CPU
	EndGlobalSection
	GlobalSection(SolutionProperties) = preSolution
		HideSolutionNode = FALSE
	EndGlobalSection
EndGlobal
